
Microsoft Visual Studio Solution File, Format Version 12.00
# Visual Studio Version 17
VisualStudioVersion = 17.6.33829.357
MinimumVisualStudioVersion = 10.0.40219.1
Project("{9A19103F-16F7-4668-BE54-9A1E7A4F7556}") = "Maxwell", "Maxwell.csproj", "{254C1FCB-C5E3-46FA-9DEF-FB8640CD3C26}"
EndProject
Global
	GlobalSection(SolutionConfigurationPlatforms) = preSolution
		Debug|Any CPU = Debug|Any CPU
		Release|Any CPU = Release|Any CPU
	EndGlobalSection
	GlobalSection(ProjectConfigurationPlatforms) = postSolution
		{254C1FCB-C5E3-46FA-9DEF-FB8640CD3C26}.Debug|Any CPU.ActiveCfg = Debug|Any CPU
		{254C1FCB-C5E3-46FA-9DEF-FB8640CD3C26}.Debug|Any CPU.Build.0 = Debug|Any CPU
		{254C1FCB-C5E3-46FA-9DEF-FB8640CD3C26}.Release|Any CPU.ActiveCfg = Release|Any CPU
		{254C1FCB-C5E3-46FA-9DEF-FB8640CD3C26}.Release|Any CPU.Build.0 = Release|Any CPU
	EndGlobalSection
	GlobalSection(SolutionProperties) = preSolution
		HideSolutionNode = FALSE
	EndGlobalSection
	GlobalSection(ExtensibilityGlobals) = postSolution
		SolutionGuid = {C61FF91F-E2FD-4F14-9E9D-BB7EAE402EC3}
	EndGlobalSection
EndGlobal
